// !$*UTF8*$!
{
	archiveVersion = 1;
	classes = {
	};
	objectVersion = 50;
	objects = {

/* Begin PBXBuildFile section */
		630BA31426726EAD005EF1E5 /*  Declaration.swift in Sources */ = {isa = PBXBuildFile; fileRef = 630BA31326726EAD005EF1E5 /*  Declaration.swift */; };
		631D5C36267A774B0078DC09 /* for..in.swift in Sources */ = {isa = PBXBuildFile; fileRef = 631D5C35267A774B0078DC09 /* for..in.swift */; };
		631D5C38267A78DD0078DC09 /* Switch.swift in Sources */ = {isa = PBXBuildFile; fileRef = 631D5C37267A78DD0078DC09 /* Switch.swift */; };
		631D5C3B267A7A2A0078DC09 /* Funnctions.swift in Sources */ = {isa = PBXBuildFile; fileRef = 631D5C3A267A7A2A0078DC09 /* Funnctions.swift */; };
		631D5C3E267A7C3A0078DC09 /* Closures.swift in Sources */ = {isa = PBXBuildFile; fileRef = 631D5C3D267A7C3A0078DC09 /* Closures.swift */; };
		634F8AD7267679230063DD00 /* For...in.swift in Sources */ = {isa = PBXBuildFile; fileRef = 634F8AD6267679230063DD00 /* For...in.swift */; };
		6393D420266B59C000991EF1 /* AppDelegate.swift in Sources */ = {isa = PBXBuildFile; fileRef = 6393D41F266B59C000991EF1 /* AppDelegate.swift */; };
		6393D422266B59C000991EF1 /* SceneDelegate.swift in Sources */ = {isa = PBXBuildFile; fileRef = 6393D421266B59C000991EF1 /* SceneDelegate.swift */; };
		6393D427266B59C000991EF1 /* Main.storyboard in Resources */ = {isa = PBXBuildFile; fileRef = 6393D425266B59C000991EF1 /* Main.storyboard */; };
		6393D429266B59C100991EF1 /* Assets.xcassets in Resources */ = {isa = PBXBuildFile; fileRef = 6393D428266B59C100991EF1 /* Assets.xcassets */; };
		6393D42C266B59C100991EF1 /* LaunchScreen.storyboard in Resources */ = {isa = PBXBuildFile; fileRef = 6393D42A266B59C100991EF1 /* LaunchScreen.storyboard */; };
		6393D435266B5AB700991EF1 /* Clean Swift.swift in Sources */ = {isa = PBXBuildFile; fileRef = 6393D434266B5AB700991EF1 /* Clean Swift.swift */; };
		63AF20D1267BDE6100E2D14E /* Class.swift in Sources */ = {isa = PBXBuildFile; fileRef = 63AF20D0267BDE6100E2D14E /* Class.swift */; };
		63D63140267DC90400F3B6C9 /* ООП.swift in Sources */ = {isa = PBXBuildFile; fileRef = 63D6313F267DC90400F3B6C9 /* ООП.swift */; };
		63D63143267DC9DF00F3B6C9 /* Switch.swift in Sources */ = {isa = PBXBuildFile; fileRef = 63D63142267DC9DF00F3B6C9 /* Switch.swift */; };
		63DBF978267680ED0089C34C /* Some.swift in Sources */ = {isa = PBXBuildFile; fileRef = 63DBF977267680ED0089C34C /* Some.swift */; };
		63DE5E342687B77000AC2A82 /* Struct.swift in Sources */ = {isa = PBXBuildFile; fileRef = 63DE5E332687B77000AC2A82 /* Struct.swift */; };
/* End PBXBuildFile section */

/* Begin PBXFileReference section */
		630BA31326726EAD005EF1E5 /*  Declaration.swift */ = {isa = PBXFileReference; lastKnownFileType = sourcecode.swift; path = " Declaration.swift"; sourceTree = "<group>"; };
		631D5C35267A774B0078DC09 /* for..in.swift */ = {isa = PBXFileReference; lastKnownFileType = sourcecode.swift; path = for..in.swift; sourceTree = "<group>"; };
		631D5C37267A78DD0078DC09 /* Switch.swift */ = {isa = PBXFileReference; lastKnownFileType = sourcecode.swift; path = Switch.swift; sourceTree = "<group>"; };
		631D5C3A267A7A2A0078DC09 /* Funnctions.swift */ = {isa = PBXFileReference; lastKnownFileType = sourcecode.swift; path = Funnctions.swift; sourceTree = "<group>"; };
		631D5C3D267A7C3A0078DC09 /* Closures.swift */ = {isa = PBXFileReference; lastKnownFileType = sourcecode.swift; path = Closures.swift; sourceTree = "<group>"; };
		634F8AD6267679230063DD00 /* For...in.swift */ = {isa = PBXFileReference; lastKnownFileType = sourcecode.swift; path = For...in.swift; sourceTree = "<group>"; };
		6393D41C266B59C000991EF1 /* MySwiftCompanyon.app */ = {isa = PBXFileReference; explicitFileType = wrapper.application; includeInIndex = 0; path = MySwiftCompanyon.app; sourceTree = BUILT_PRODUCTS_DIR; };
		6393D41F266B59C000991EF1 /* AppDelegate.swift */ = {isa = PBXFileReference; lastKnownFileType = sourcecode.swift; path = AppDelegate.swift; sourceTree = "<group>"; };
		6393D421266B59C000991EF1 /* SceneDelegate.swift */ = {isa = PBXFileReference; lastKnownFileType = sourcecode.swift; path = SceneDelegate.swift; sourceTree = "<group>"; };
		6393D426266B59C000991EF1 /* Base */ = {isa = PBXFileReference; lastKnownFileType = file.storyboard; name = Base; path = Base.lproj/Main.storyboard; sourceTree = "<group>"; };
		6393D428266B59C100991EF1 /* Assets.xcassets */ = {isa = PBXFileReference; lastKnownFileType = folder.assetcatalog; path = Assets.xcassets; sourceTree = "<group>"; };
		6393D42B266B59C100991EF1 /* Base */ = {isa = PBXFileReference; lastKnownFileType = file.storyboard; name = Base; path = Base.lproj/LaunchScreen.storyboard; sourceTree = "<group>"; };
		6393D42D266B59C100991EF1 /* Info.plist */ = {isa = PBXFileReference; lastKnownFileType = text.plist.xml; path = Info.plist; sourceTree = "<group>"; };
		6393D434266B5AB700991EF1 /* Clean Swift.swift */ = {isa = PBXFileReference; lastKnownFileType = sourcecode.swift; path = "Clean Swift.swift"; sourceTree = "<group>"; };
		63AF20D0267BDE6100E2D14E /* Class.swift */ = {isa = PBXFileReference; lastKnownFileType = sourcecode.swift; path = Class.swift; sourceTree = "<group>"; };
		63D6313F267DC90400F3B6C9 /* ООП.swift */ = {isa = PBXFileReference; lastKnownFileType = sourcecode.swift; path = "ООП.swift"; sourceTree = "<group>"; };
		63D63142267DC9DF00F3B6C9 /* Switch.swift */ = {isa = PBXFileReference; lastKnownFileType = sourcecode.swift; path = Switch.swift; sourceTree = "<group>"; };
		63DBF977267680ED0089C34C /* Some.swift */ = {isa = PBXFileReference; lastKnownFileType = sourcecode.swift; path = Some.swift; sourceTree = "<group>"; };
		63DE5E332687B77000AC2A82 /* Struct.swift */ = {isa = PBXFileReference; lastKnownFileType = sourcecode.swift; path = Struct.swift; sourceTree = "<group>"; };
/* End PBXFileReference section */

/* Begin PBXFrameworksBuildPhase section */
		6393D419266B59C000991EF1 /* Frameworks */ = {
			isa = PBXFrameworksBuildPhase;
			buildActionMask = 2147483647;
			files = (
			);
			runOnlyForDeploymentPostprocessing = 0;
		};
/* End PBXFrameworksBuildPhase section */

/* Begin PBXGroup section */
		630BA31226726E18005EF1E5 /* TableView */ = {
			isa = PBXGroup;
			children = (
				630BA31326726EAD005EF1E5 /*  Declaration.swift */,
			);
			path = TableView;
			sourceTree = "<group>";
		};
		631D5C34267A772A0078DC09 /* Actions */ = {
			isa = PBXGroup;
			children = (
				631D5C35267A774B0078DC09 /* for..in.swift */,
				631D5C37267A78DD0078DC09 /* Switch.swift */,
			);
			path = Actions;
			sourceTree = "<group>";
		};
		631D5C39267A7A190078DC09 /* Functions */ = {
			isa = PBXGroup;
			children = (
				631D5C3A267A7A2A0078DC09 /* Funnctions.swift */,
			);
			path = Functions;
			sourceTree = "<group>";
		};
		631D5C3C267A7C270078DC09 /* Closures */ = {
			isa = PBXGroup;
			children = (
				631D5C3D267A7C3A0078DC09 /* Closures.swift */,
			);
			path = Closures;
			sourceTree = "<group>";
		};
		6393D413266B59C000991EF1 = {
			isa = PBXGroup;
			children = (
				6393D41E266B59C000991EF1 /* MySwiftCompanyon */,
				6393D433266B5A0900991EF1 /* Support */,
				6393D428266B59C100991EF1 /* Assets.xcassets */,
				6393D41D266B59C000991EF1 /* Products */,
			);
			sourceTree = "<group>";
		};
		6393D41D266B59C000991EF1 /* Products */ = {
			isa = PBXGroup;
			children = (
				6393D41C266B59C000991EF1 /* MySwiftCompanyon.app */,
			);
			name = Products;
			sourceTree = "<group>";
		};
		6393D41E266B59C000991EF1 /* MySwiftCompanyon */ = {
			isa = PBXGroup;
			children = (
				6393D434266B5AB700991EF1 /* Clean Swift.swift */,
				63DBF977267680ED0089C34C /* Some.swift */,
				63D6313F267DC90400F3B6C9 /* ООП.swift */,
				63AF20CF267BDE4A00E2D14E /* Class */,
				63DE5E322687B75000AC2A82 /* Struct */,
				631D5C3C267A7C270078DC09 /* Closures */,
				630BA31226726E18005EF1E5 /* TableView */,
				631D5C39267A7A190078DC09 /* Functions */,
				631D5C34267A772A0078DC09 /* Actions */,
				63D63141267DC9C100F3B6C9 /* Switch */,
				634F8AD6267679230063DD00 /* For...in.swift */,
			);
			path = MySwiftCompanyon;
			sourceTree = "<group>";
		};
		6393D433266B5A0900991EF1 /* Support */ = {
			isa = PBXGroup;
			children = (
				6393D41F266B59C000991EF1 /* AppDelegate.swift */,
				6393D421266B59C000991EF1 /* SceneDelegate.swift */,
				6393D425266B59C000991EF1 /* Main.storyboard */,
				6393D42A266B59C100991EF1 /* LaunchScreen.storyboard */,
				6393D42D266B59C100991EF1 /* Info.plist */,
			);
			path = Support;
			sourceTree = "<group>";
		};
		63AF20CF267BDE4A00E2D14E /* Class */ = {
			isa = PBXGroup;
			children = (
				63AF20D0267BDE6100E2D14E /* Class.swift */,
			);
			path = Class;
			sourceTree = "<group>";
		};
		63D63141267DC9C100F3B6C9 /* Switch */ = {
			isa = PBXGroup;
			children = (
				63D63142267DC9DF00F3B6C9 /* Switch.swift */,
			);
			path = Switch;
			sourceTree = "<group>";
		};
		63DE5E322687B75000AC2A82 /* Struct */ = {
			isa = PBXGroup;
			children = (
				63DE5E332687B77000AC2A82 /* Struct.swift */,
			);
			path = Struct;
			sourceTree = "<group>";
		};
/* End PBXGroup section */

/* Begin PBXNativeTarget section */
		6393D41B266B59C000991EF1 /* MySwiftCompanyon */ = {
			isa = PBXNativeTarget;
			buildConfigurationList = 6393D430266B59C100991EF1 /* Build configuration list for PBXNativeTarget "MySwiftCompanyon" */;
			buildPhases = (
				6393D418266B59C000991EF1 /* Sources */,
				6393D419266B59C000991EF1 /* Frameworks */,
				6393D41A266B59C000991EF1 /* Resources */,
			);
			buildRules = (
			);
			dependencies = (
			);
			name = MySwiftCompanyon;
			productName = MySwiftCompanyon;
			productReference = 6393D41C266B59C000991EF1 /* MySwiftCompanyon.app */;
			productType = "com.apple.product-type.application";
		};
/* End PBXNativeTarget section */

/* Begin PBXProject section */
		6393D414266B59C000991EF1 /* Project object */ = {
			isa = PBXProject;
			attributes = {
				LastSwiftUpdateCheck = 1250;
				LastUpgradeCheck = 1250;
				TargetAttributes = {
					6393D41B266B59C000991EF1 = {
						CreatedOnToolsVersion = 12.5;
					};
				};
			};
			buildConfigurationList = 6393D417266B59C000991EF1 /* Build configuration list for PBXProject "MySwiftCompanyon" */;
			compatibilityVersion = "Xcode 9.3";
			developmentRegion = en;
			hasScannedForEncodings = 0;
			knownRegions = (
				en,
				Base,
			);
			mainGroup = 6393D413266B59C000991EF1;
			productRefGroup = 6393D41D266B59C000991EF1 /* Products */;
			projectDirPath = "";
			projectRoot = "";
			targets = (
				6393D41B266B59C000991EF1 /* MySwiftCompanyon */,
			);
		};
/* End PBXProject section */

/* Begin PBXResourcesBuildPhase section */
		6393D41A266B59C000991EF1 /* Resources */ = {
			isa = PBXResourcesBuildPhase;
			buildActionMask = 2147483647;
			files = (
				6393D42C266B59C100991EF1 /* LaunchScreen.storyboard in Resources */,
				6393D429266B59C100991EF1 /* Assets.xcassets in Resources */,
				6393D427266B59C000991EF1 /* Main.storyboard in Resources */,
			);
			runOnlyForDeploymentPostprocessing = 0;
		};
/* End PBXResourcesBuildPhase section */

/* Begin PBXSourcesBuildPhase section */
		6393D418266B59C000991EF1 /* Sources */ = {
			isa = PBXSourcesBuildPhase;
			buildActionMask = 2147483647;
			files = (
				6393D420266B59C000991EF1 /* AppDelegate.swift in Sources */,
				63AF20D1267BDE6100E2D14E /* Class.swift in Sources */,
				631D5C38267A78DD0078DC09 /* Switch.swift in Sources */,
				630BA31426726EAD005EF1E5 /*  Declaration.swift in Sources */,
				631D5C3B267A7A2A0078DC09 /* Funnctions.swift in Sources */,
				63D63143267DC9DF00F3B6C9 /* Switch.swift in Sources */,
				6393D422266B59C000991EF1 /* SceneDelegate.swift in Sources */,
				63DBF978267680ED0089C34C /* Some.swift in Sources */,
				631D5C36267A774B0078DC09 /* for..in.swift in Sources */,
				631D5C3E267A7C3A0078DC09 /* Closures.swift in Sources */,
				6393D435266B5AB700991EF1 /* Clean Swift.swift in Sources */,
				634F8AD7267679230063DD00 /* For...in.swift in Sources */,
				63DE5E342687B77000AC2A82 /* Struct.swift in Sources */,
				63D63140267DC90400F3B6C9 /* ООП.swift in Sources */,
			);
			runOnlyForDeploymentPostprocessing = 0;
		};
/* End PBXSourcesBuildPhase section */

/* Begin PBXVariantGroup section */
		6393D425266B59C000991EF1 /* Main.storyboard */ = {
			isa = PBXVariantGroup;
			children = (
				6393D426266B59C000991EF1 /* Base */,
			);
			name = Main.storyboard;
			sourceTree = "<group>";
		};
		6393D42A266B59C100991EF1 /* LaunchScreen.storyboard */ = {
			isa = PBXVariantGroup;
			children = (
				6393D42B266B59C100991EF1 /* Base */,
			);
			name = LaunchScreen.storyboard;
			sourceTree = "<group>";
		};
/* End PBXVariantGroup section */

/* Begin XCBuildConfiguration section */
		6393D42E266B59C100991EF1 /* Debug */ = {
			isa = XCBuildConfiguration;
			buildSettings = {
				ALWAYS_SEARCH_USER_PATHS = NO;
				CLANG_ANALYZER_NONNULL = YES;
				CLANG_ANALYZER_NUMBER_OBJECT_CONVERSION = YES_AGGRESSIVE;
				CLANG_CXX_LANGUAGE_STANDARD = "gnu++14";
				CLANG_CXX_LIBRARY = "libc++";
				CLANG_ENABLE_MODULES = YES;
				CLANG_ENABLE_OBJC_ARC = YES;
				CLANG_ENABLE_OBJC_WEAK = YES;
				CLANG_WARN_BLOCK_CAPTURE_AUTORELEASING = YES;
				CLANG_WARN_BOOL_CONVERSION = YES;
				CLANG_WARN_COMMA = YES;
				CLANG_WARN_CONSTANT_CONVERSION = YES;
				CLANG_WARN_DEPRECATED_OBJC_IMPLEMENTATIONS = YES;
				CLANG_WARN_DIRECT_OBJC_ISA_USAGE = YES_ERROR;
				CLANG_WARN_DOCUMENTATION_COMMENTS = YES;
				CLANG_WARN_EMPTY_BODY = YES;
				CLANG_WARN_ENUM_CONVERSION = YES;
				CLANG_WARN_INFINITE_RECURSION = YES;
				CLANG_WARN_INT_CONVERSION = YES;
				CLANG_WARN_NON_LITERAL_NULL_CONVERSION = YES;
				CLANG_WARN_OBJC_IMPLICIT_RETAIN_SELF = YES;
				CLANG_WARN_OBJC_LITERAL_CONVERSION = YES;
				CLANG_WARN_OBJC_ROOT_CLASS = YES_ERROR;
				CLANG_WARN_QUOTED_INCLUDE_IN_FRAMEWORK_HEADER = YES;
				CLANG_WARN_RANGE_LOOP_ANALYSIS = YES;
				CLANG_WARN_STRICT_PROTOTYPES = YES;
				CLANG_WARN_SUSPICIOUS_MOVE = YES;
				CLANG_WARN_UNGUARDED_AVAILABILITY = YES_AGGRESSIVE;
				CLANG_WARN_UNREACHABLE_CODE = YES;
				CLANG_WARN__DUPLICATE_METHOD_MATCH = YES;
				COPY_PHASE_STRIP = NO;
				DEBUG_INFORMATION_FORMAT = dwarf;
				ENABLE_STRICT_OBJC_MSGSEND = YES;
				ENABLE_TESTABILITY = YES;
				GCC_C_LANGUAGE_STANDARD = gnu11;
				GCC_DYNAMIC_NO_PIC = NO;
				GCC_NO_COMMON_BLOCKS = YES;
				GCC_OPTIMIZATION_LEVEL = 0;
				GCC_PREPROCESSOR_DEFINITIONS = (
					"DEBUG=1",
					"$(inherited)",
				);
				GCC_WARN_64_TO_32_BIT_CONVERSION = YES;
				GCC_WARN_ABOUT_RETURN_TYPE = YES_ERROR;
				GCC_WARN_UNDECLARED_SELECTOR = YES;
				GCC_WARN_UNINITIALIZED_AUTOS = YES_AGGRESSIVE;
				GCC_WARN_UNUSED_FUNCTION = YES;
				GCC_WARN_UNUSED_VARIABLE = YES;
				IPHONEOS_DEPLOYMENT_TARGET = 14.5;
				MTL_ENABLE_DEBUG_INFO = INCLUDE_SOURCE;
				MTL_FAST_MATH = YES;
				ONLY_ACTIVE_ARCH = YES;
				SDKROOT = iphoneos;
				SWIFT_ACTIVE_COMPILATION_CONDITIONS = DEBUG;
				SWIFT_OPTIMIZATION_LEVEL = "-Onone";
			};
			name = Debug;
		};
		6393D42F266B59C100991EF1 /* Release */ = {
			isa = XCBuildConfiguration;
			buildSettings = {
				ALWAYS_SEARCH_USER_PATHS = NO;
				CLANG_ANALYZER_NONNULL = YES;
				CLANG_ANALYZER_NUMBER_OBJECT_CONVERSION = YES_AGGRESSIVE;
				CLANG_CXX_LANGUAGE_STANDARD = "gnu++14";
				CLANG_CXX_LIBRARY = "libc++";
				CLANG_ENABLE_MODULES = YES;
				CLANG_ENABLE_OBJC_ARC = YES;
				CLANG_ENABLE_OBJC_WEAK = YES;
				CLANG_WARN_BLOCK_CAPTURE_AUTORELEASING = YES;
				CLANG_WARN_BOOL_CONVERSION = YES;
				CLANG_WARN_COMMA = YES;
				CLANG_WARN_CONSTANT_CONVERSION = YES;
				CLANG_WARN_DEPRECATED_OBJC_IMPLEMENTATIONS = YES;
				CLANG_WARN_DIRECT_OBJC_ISA_USAGE = YES_ERROR;
				CLANG_WARN_DOCUMENTATION_COMMENTS = YES;
				CLANG_WARN_EMPTY_BODY = YES;
				CLANG_WARN_ENUM_CONVERSION = YES;
				CLANG_WARN_INFINITE_RECURSION = YES;
				CLANG_WARN_INT_CONVERSION = YES;
				CLANG_WARN_NON_LITERAL_NULL_CONVERSION = YES;
				CLANG_WARN_OBJC_IMPLICIT_RETAIN_SELF = YES;
				CLANG_WARN_OBJC_LITERAL_CONVERSION = YES;
				CLANG_WARN_OBJC_ROOT_CLASS = YES_ERROR;
				CLANG_WARN_QUOTED_INCLUDE_IN_FRAMEWORK_HEADER = YES;
				CLANG_WARN_RANGE_LOOP_ANALYSIS = YES;
				CLANG_WARN_STRICT_PROTOTYPES = YES;
				CLANG_WARN_SUSPICIOUS_MOVE = YES;
				CLANG_WARN_UNGUARDED_AVAILABILITY = YES_AGGRESSIVE;
				CLANG_WARN_UNREACHABLE_CODE = YES;
				CLANG_WARN__DUPLICATE_METHOD_MATCH = YES;
				COPY_PHASE_STRIP = NO;
				DEBUG_INFORMATION_FORMAT = "dwarf-with-dsym";
				ENABLE_NS_ASSERTIONS = NO;
				ENABLE_STRICT_OBJC_MSGSEND = YES;
				GCC_C_LANGUAGE_STANDARD = gnu11;
				GCC_NO_COMMON_BLOCKS = YES;
				GCC_WARN_64_TO_32_BIT_CONVERSION = YES;
				GCC_WARN_ABOUT_RETURN_TYPE = YES_ERROR;
				GCC_WARN_UNDECLARED_SELECTOR = YES;
				GCC_WARN_UNINITIALIZED_AUTOS = YES_AGGRESSIVE;
				GCC_WARN_UNUSED_FUNCTION = YES;
				GCC_WARN_UNUSED_VARIABLE = YES;
				IPHONEOS_DEPLOYMENT_TARGET = 14.5;
				MTL_ENABLE_DEBUG_INFO = NO;
				MTL_FAST_MATH = YES;
				SDKROOT = iphoneos;
				SWIFT_COMPILATION_MODE = wholemodule;
				SWIFT_OPTIMIZATION_LEVEL = "-O";
				VALIDATE_PRODUCT = YES;
			};
			name = Release;
		};
		6393D431266B59C100991EF1 /* Debug */ = {
			isa = XCBuildConfiguration;
			buildSettings = {
				ASSETCATALOG_COMPILER_APPICON_NAME = AppIcon;
				ASSETCATALOG_COMPILER_GLOBAL_ACCENT_COLOR_NAME = AccentColor;
				CODE_SIGN_STYLE = Automatic;
				DEVELOPMENT_TEAM = F824GPAVR5;
				INFOPLIST_FILE = MySwiftCompanyon/Support/Info.plist;
				LD_RUNPATH_SEARCH_PATHS = (
					"$(inherited)",
					"@executable_path/Frameworks",
				);
				PRODUCT_BUNDLE_IDENTIFIER = com.berezentsev.MySwiftCompanyon;
				PRODUCT_NAME = "$(TARGET_NAME)";
				SWIFT_VERSION = 5.0;
				TARGETED_DEVICE_FAMILY = "1,2";
			};
			name = Debug;
		};
		6393D432266B59C100991EF1 /* Release */ = {
			isa = XCBuildConfiguration;
			buildSettings = {
				ASSETCATALOG_COMPILER_APPICON_NAME = AppIcon;
				ASSETCATALOG_COMPILER_GLOBAL_ACCENT_COLOR_NAME = AccentColor;
				CODE_SIGN_STYLE = Automatic;
				DEVELOPMENT_TEAM = F824GPAVR5;
				INFOPLIST_FILE = MySwiftCompanyon/Support/Info.plist;
				LD_RUNPATH_SEARCH_PATHS = (
					"$(inherited)",
					"@executable_path/Frameworks",
				);
				PRODUCT_BUNDLE_IDENTIFIER = com.berezentsev.MySwiftCompanyon;
				PRODUCT_NAME = "$(TARGET_NAME)";
				SWIFT_VERSION = 5.0;
				TARGETED_DEVICE_FAMILY = "1,2";
			};
			name = Release;
		};
/* End XCBuildConfiguration section */

/* Begin XCConfigurationList section */
		6393D417266B59C000991EF1 /* Build configuration list for PBXProject "MySwiftCompanyon" */ = {
			isa = XCConfigurationList;
			buildConfigurations = (
				6393D42E266B59C100991EF1 /* Debug */,
				6393D42F266B59C100991EF1 /* Release */,
			);
			defaultConfigurationIsVisible = 0;
			defaultConfigurationName = Release;
		};
		6393D430266B59C100991EF1 /* Build configuration list for PBXNativeTarget "MySwiftCompanyon" */ = {
			isa = XCConfigurationList;
			buildConfigurations = (
				6393D431266B59C100991EF1 /* Debug */,
				6393D432266B59C100991EF1 /* Release */,
			);
			defaultConfigurationIsVisible = 0;
			defaultConfigurationName = Release;
		};
/* End XCConfigurationList section */
	};
	rootObject = 6393D414266B59C000991EF1 /* Project object */;
}
