// !$*UTF8*$!
{
	archiveVersion = 1;
	classes = {
	};
	objectVersion = 50;
	objects = {

/* Begin PBXBuildFile section */
		6307AD8826C958B900ADFCE6 /* NotificationCenter.swift in Sources */ = {isa = PBXBuildFile; fileRef = 6307AD8726C958B900ADFCE6 /* NotificationCenter.swift */; };
		630B37402690B18F00AE14B9 /* Actions.swift in Sources */ = {isa = PBXBuildFile; fileRef = 630B373F2690B18F00AE14B9 /* Actions.swift */; };
		630BA31426726EAD005EF1E5 /*  Declaration.swift in Sources */ = {isa = PBXBuildFile; fileRef = 630BA31326726EAD005EF1E5 /*  Declaration.swift */; };
		6310773E269F18E10043CA10 /* Gradient.swift in Sources */ = {isa = PBXBuildFile; fileRef = 6310773D269F18E10043CA10 /* Gradient.swift */; };
		6310D10F26CD030400C672B9 /* CoreData.swift in Sources */ = {isa = PBXBuildFile; fileRef = 6310D10E26CD030400C672B9 /* CoreData.swift */; };
		631943262688829900739DCB /* CollectionView.swift in Sources */ = {isa = PBXBuildFile; fileRef = 631943252688829900739DCB /* CollectionView.swift */; };
		631D5C3B267A7A2A0078DC09 /* Funnctions.swift in Sources */ = {isa = PBXBuildFile; fileRef = 631D5C3A267A7A2A0078DC09 /* Funnctions.swift */; };
		631F5E8E269077490073E63C /* SearchController.swift in Sources */ = {isa = PBXBuildFile; fileRef = 631F5E8D269077490073E63C /* SearchController.swift */; };
		632D1301269E051D00FD9E04 /* Keyboard.swift in Sources */ = {isa = PBXBuildFile; fileRef = 632D1300269E051D00FD9E04 /* Keyboard.swift */; };
		634F8AD7267679230063DD00 /* For...in.swift in Sources */ = {isa = PBXBuildFile; fileRef = 634F8AD6267679230063DD00 /* For...in.swift */; };
		63593C72268CDD0C00A6C80E /* CreateObjects.swift in Sources */ = {isa = PBXBuildFile; fileRef = 63593C71268CDD0C00A6C80E /* CreateObjects.swift */; };
		636AE8D626C6EE5B003066B7 /* TabBar Custom.swift in Sources */ = {isa = PBXBuildFile; fileRef = 636AE8D526C6EE5B003066B7 /* TabBar Custom.swift */; };
		636BC722268F810600728CF2 /* ContextMenu.swift in Sources */ = {isa = PBXBuildFile; fileRef = 636BC721268F810600728CF2 /* ContextMenu.swift */; };
		636BC724268F81AA00728CF2 /* CollectionViewCell.swift in Sources */ = {isa = PBXBuildFile; fileRef = 636BC723268F81AA00728CF2 /* CollectionViewCell.swift */; };
		637103D4268B79800030B12D /* Navigation.swift in Sources */ = {isa = PBXBuildFile; fileRef = 637103D3268B79800030B12D /* Navigation.swift */; };
		638DFE4F26AEEE36002C5365 /* Deleting Storyboard.swift in Sources */ = {isa = PBXBuildFile; fileRef = 638DFE4E26AEEE36002C5365 /* Deleting Storyboard.swift */; };
		6392FC7126BB08CC0070ED2E /* Aimation.swift in Sources */ = {isa = PBXBuildFile; fileRef = 6392FC7026BB08CC0070ED2E /* Aimation.swift */; };
		6393D420266B59C000991EF1 /* AppDelegate.swift in Sources */ = {isa = PBXBuildFile; fileRef = 6393D41F266B59C000991EF1 /* AppDelegate.swift */; };
		6393D429266B59C100991EF1 /* Assets.xcassets in Resources */ = {isa = PBXBuildFile; fileRef = 6393D428266B59C100991EF1 /* Assets.xcassets */; };
		6393D435266B5AB700991EF1 /* Clean Swift.swift in Sources */ = {isa = PBXBuildFile; fileRef = 6393D434266B5AB700991EF1 /* Clean Swift.swift */; };
		639491DC26DBDB6500B1DC43 /* Realm.swift in Sources */ = {isa = PBXBuildFile; fileRef = 639491DB26DBDB6500B1DC43 /* Realm.swift */; };
		63AC5A3D26B6F4C300E8044E /* CollectionViewList.swift in Sources */ = {isa = PBXBuildFile; fileRef = 63AC5A3C26B6F4C300E8044E /* CollectionViewList.swift */; };
		63AF20D1267BDE6100E2D14E /* Class.swift in Sources */ = {isa = PBXBuildFile; fileRef = 63AF20D0267BDE6100E2D14E /* Class.swift */; };
		63AF650B26FC698C00DA468B /* UserDefaults.swift in Sources */ = {isa = PBXBuildFile; fileRef = 63AF650A26FC698C00DA468B /* UserDefaults.swift */; };
		63B2E91D26CAC8CC00A7A7DE /* Async await.swift in Sources */ = {isa = PBXBuildFile; fileRef = 63B2E91C26CAC8CC00A7A7DE /* Async await.swift */; };
		63B7DE2026C9720100016DF9 /* CachingImage.swift in Sources */ = {isa = PBXBuildFile; fileRef = 63B7DE1F26C9720100016DF9 /* CachingImage.swift */; };
		63BA1E8626AECA4C00F7500F /* MVP.swift in Sources */ = {isa = PBXBuildFile; fileRef = 63BA1E8526AECA4C00F7500F /* MVP.swift */; };
		63D63140267DC90400F3B6C9 /* ООП.swift in Sources */ = {isa = PBXBuildFile; fileRef = 63D6313F267DC90400F3B6C9 /* ООП.swift */; };
		63D63143267DC9DF00F3B6C9 /* Switch.swift in Sources */ = {isa = PBXBuildFile; fileRef = 63D63142267DC9DF00F3B6C9 /* Switch.swift */; };
		63DBF978267680ED0089C34C /* Some.swift in Sources */ = {isa = PBXBuildFile; fileRef = 63DBF977267680ED0089C34C /* Some.swift */; };
		63DC0C0726CD373C00F79F34 /* StatusBarAppearance.swift in Sources */ = {isa = PBXBuildFile; fileRef = 63DC0C0626CD373C00F79F34 /* StatusBarAppearance.swift */; };
		63DE5E342687B77000AC2A82 /* Struct.swift in Sources */ = {isa = PBXBuildFile; fileRef = 63DE5E332687B77000AC2A82 /* Struct.swift */; };
		63DE5E372687B95C00AC2A82 /* Array.swift in Sources */ = {isa = PBXBuildFile; fileRef = 63DE5E362687B95C00AC2A82 /* Array.swift */; };
		63DE5E392687B97300AC2A82 /* Dictionary.swift in Sources */ = {isa = PBXBuildFile; fileRef = 63DE5E382687B97300AC2A82 /* Dictionary.swift */; };
		63DE5E3B2687B9CE00AC2A82 /* Set.swift in Sources */ = {isa = PBXBuildFile; fileRef = 63DE5E3A2687B9CE00AC2A82 /* Set.swift */; };
		63DE5E3E2687BA0200AC2A82 /* Tuples.swift in Sources */ = {isa = PBXBuildFile; fileRef = 63DE5E3D2687BA0200AC2A82 /* Tuples.swift */; };
		63DE5E412687BD3F00AC2A82 /* Enum.swift in Sources */ = {isa = PBXBuildFile; fileRef = 63DE5E402687BD3F00AC2A82 /* Enum.swift */; };
		63F900D826CD78BC00585B7E /* Shadow.swift in Sources */ = {isa = PBXBuildFile; fileRef = 63F900D726CD78BC00585B7E /* Shadow.swift */; };
		63FF053B26DBFAD8002DF5AC /* Flag.swift in Sources */ = {isa = PBXBuildFile; fileRef = 63FF053A26DBFAD8002DF5AC /* Flag.swift */; };
		8C32E8CA270DF45300D545C1 /* File.swift in Sources */ = {isa = PBXBuildFile; fileRef = 8C32E8C9270DF45300D545C1 /* File.swift */; };
		8C9564E127E38C510031F85C /* Optionals.swift in Sources */ = {isa = PBXBuildFile; fileRef = 8C9564E027E38C510031F85C /* Optionals.swift */; };
		8C9564E327E38E0C0031F85C /* Control flow.swift in Sources */ = {isa = PBXBuildFile; fileRef = 8C9564E227E38E0C0031F85C /* Control flow.swift */; };
		8C9564E527E4B4A10031F85C /* Collections.swift in Sources */ = {isa = PBXBuildFile; fileRef = 8C9564E427E4B4A10031F85C /* Collections.swift */; };
		8C9564E727E778350031F85C /* For..in.swift in Sources */ = {isa = PBXBuildFile; fileRef = 8C9564E627E778350031F85C /* For..in.swift */; };
		8C9564E927E866650031F85C /* Functions.swift in Sources */ = {isa = PBXBuildFile; fileRef = 8C9564E827E866650031F85C /* Functions.swift */; };
		8CE988CD2715FDB8009736D6 /* Alamofire.swift in Sources */ = {isa = PBXBuildFile; fileRef = 8CE988CC2715FDB8009736D6 /* Alamofire.swift */; };
/* End PBXBuildFile section */

/* Begin PBXFileReference section */
		6307AD8726C958B900ADFCE6 /* NotificationCenter.swift */ = {isa = PBXFileReference; lastKnownFileType = sourcecode.swift; path = NotificationCenter.swift; sourceTree = "<group>"; };
		630B373F2690B18F00AE14B9 /* Actions.swift */ = {isa = PBXFileReference; lastKnownFileType = sourcecode.swift; path = Actions.swift; sourceTree = "<group>"; };
		630BA31326726EAD005EF1E5 /*  Declaration.swift */ = {isa = PBXFileReference; lastKnownFileType = sourcecode.swift; path = " Declaration.swift"; sourceTree = "<group>"; };
		6310773D269F18E10043CA10 /* Gradient.swift */ = {isa = PBXFileReference; lastKnownFileType = sourcecode.swift; path = Gradient.swift; sourceTree = "<group>"; };
		6310D10E26CD030400C672B9 /* CoreData.swift */ = {isa = PBXFileReference; lastKnownFileType = sourcecode.swift; path = CoreData.swift; sourceTree = "<group>"; };
		631943252688829900739DCB /* CollectionView.swift */ = {isa = PBXFileReference; lastKnownFileType = sourcecode.swift; path = CollectionView.swift; sourceTree = "<group>"; };
		631D5C3A267A7A2A0078DC09 /* Funnctions.swift */ = {isa = PBXFileReference; lastKnownFileType = sourcecode.swift; path = Funnctions.swift; sourceTree = "<group>"; };
		631F5E8D269077490073E63C /* SearchController.swift */ = {isa = PBXFileReference; lastKnownFileType = sourcecode.swift; path = SearchController.swift; sourceTree = "<group>"; };
		632D1300269E051D00FD9E04 /* Keyboard.swift */ = {isa = PBXFileReference; lastKnownFileType = sourcecode.swift; path = Keyboard.swift; sourceTree = "<group>"; };
		634F8AD6267679230063DD00 /* For...in.swift */ = {isa = PBXFileReference; lastKnownFileType = sourcecode.swift; path = For...in.swift; sourceTree = "<group>"; };
		63593C71268CDD0C00A6C80E /* CreateObjects.swift */ = {isa = PBXFileReference; lastKnownFileType = sourcecode.swift; path = CreateObjects.swift; sourceTree = "<group>"; };
		636AE8D526C6EE5B003066B7 /* TabBar Custom.swift */ = {isa = PBXFileReference; lastKnownFileType = sourcecode.swift; path = "TabBar Custom.swift"; sourceTree = "<group>"; };
		636BC721268F810600728CF2 /* ContextMenu.swift */ = {isa = PBXFileReference; lastKnownFileType = sourcecode.swift; path = ContextMenu.swift; sourceTree = "<group>"; };
		636BC723268F81AA00728CF2 /* CollectionViewCell.swift */ = {isa = PBXFileReference; lastKnownFileType = sourcecode.swift; path = CollectionViewCell.swift; sourceTree = "<group>"; };
		637103D3268B79800030B12D /* Navigation.swift */ = {isa = PBXFileReference; lastKnownFileType = sourcecode.swift; path = Navigation.swift; sourceTree = "<group>"; };
		638DFE4E26AEEE36002C5365 /* Deleting Storyboard.swift */ = {isa = PBXFileReference; lastKnownFileType = sourcecode.swift; path = "Deleting Storyboard.swift"; sourceTree = "<group>"; };
		6392FC7026BB08CC0070ED2E /* Aimation.swift */ = {isa = PBXFileReference; lastKnownFileType = sourcecode.swift; path = Aimation.swift; sourceTree = "<group>"; };
		6393D41C266B59C000991EF1 /* MySwiftCompanyon.app */ = {isa = PBXFileReference; explicitFileType = wrapper.application; includeInIndex = 0; path = MySwiftCompanyon.app; sourceTree = BUILT_PRODUCTS_DIR; };
		6393D41F266B59C000991EF1 /* AppDelegate.swift */ = {isa = PBXFileReference; lastKnownFileType = sourcecode.swift; path = AppDelegate.swift; sourceTree = "<group>"; };
		6393D428266B59C100991EF1 /* Assets.xcassets */ = {isa = PBXFileReference; lastKnownFileType = folder.assetcatalog; path = Assets.xcassets; sourceTree = "<group>"; };
		6393D42D266B59C100991EF1 /* Info.plist */ = {isa = PBXFileReference; lastKnownFileType = text.plist.xml; path = Info.plist; sourceTree = "<group>"; };
		6393D434266B5AB700991EF1 /* Clean Swift.swift */ = {isa = PBXFileReference; lastKnownFileType = sourcecode.swift; path = "Clean Swift.swift"; sourceTree = "<group>"; };
		639491DB26DBDB6500B1DC43 /* Realm.swift */ = {isa = PBXFileReference; lastKnownFileType = sourcecode.swift; path = Realm.swift; sourceTree = "<group>"; };
		63AC5A3C26B6F4C300E8044E /* CollectionViewList.swift */ = {isa = PBXFileReference; lastKnownFileType = sourcecode.swift; path = CollectionViewList.swift; sourceTree = "<group>"; };
		63AF20D0267BDE6100E2D14E /* Class.swift */ = {isa = PBXFileReference; lastKnownFileType = sourcecode.swift; path = Class.swift; sourceTree = "<group>"; };
		63AF650A26FC698C00DA468B /* UserDefaults.swift */ = {isa = PBXFileReference; lastKnownFileType = sourcecode.swift; path = UserDefaults.swift; sourceTree = "<group>"; };
		63B2E91C26CAC8CC00A7A7DE /* Async await.swift */ = {isa = PBXFileReference; lastKnownFileType = sourcecode.swift; path = "Async await.swift"; sourceTree = "<group>"; };
		63B7DE1F26C9720100016DF9 /* CachingImage.swift */ = {isa = PBXFileReference; lastKnownFileType = sourcecode.swift; path = CachingImage.swift; sourceTree = "<group>"; };
		63BA1E8526AECA4C00F7500F /* MVP.swift */ = {isa = PBXFileReference; lastKnownFileType = sourcecode.swift; path = MVP.swift; sourceTree = "<group>"; };
		63D6313F267DC90400F3B6C9 /* ООП.swift */ = {isa = PBXFileReference; lastKnownFileType = sourcecode.swift; path = "ООП.swift"; sourceTree = "<group>"; };
		63D63142267DC9DF00F3B6C9 /* Switch.swift */ = {isa = PBXFileReference; lastKnownFileType = sourcecode.swift; path = Switch.swift; sourceTree = "<group>"; };
		63DBF977267680ED0089C34C /* Some.swift */ = {isa = PBXFileReference; lastKnownFileType = sourcecode.swift; path = Some.swift; sourceTree = "<group>"; };
		63DC0C0626CD373C00F79F34 /* StatusBarAppearance.swift */ = {isa = PBXFileReference; lastKnownFileType = sourcecode.swift; path = StatusBarAppearance.swift; sourceTree = "<group>"; };
		63DE5E332687B77000AC2A82 /* Struct.swift */ = {isa = PBXFileReference; lastKnownFileType = sourcecode.swift; path = Struct.swift; sourceTree = "<group>"; };
		63DE5E362687B95C00AC2A82 /* Array.swift */ = {isa = PBXFileReference; lastKnownFileType = sourcecode.swift; path = Array.swift; sourceTree = "<group>"; };
		63DE5E382687B97300AC2A82 /* Dictionary.swift */ = {isa = PBXFileReference; lastKnownFileType = sourcecode.swift; path = Dictionary.swift; sourceTree = "<group>"; };
		63DE5E3A2687B9CE00AC2A82 /* Set.swift */ = {isa = PBXFileReference; lastKnownFileType = sourcecode.swift; path = Set.swift; sourceTree = "<group>"; };
		63DE5E3D2687BA0200AC2A82 /* Tuples.swift */ = {isa = PBXFileReference; lastKnownFileType = sourcecode.swift; path = Tuples.swift; sourceTree = "<group>"; };
		63DE5E402687BD3F00AC2A82 /* Enum.swift */ = {isa = PBXFileReference; lastKnownFileType = sourcecode.swift; path = Enum.swift; sourceTree = "<group>"; };
		63F900D726CD78BC00585B7E /* Shadow.swift */ = {isa = PBXFileReference; lastKnownFileType = sourcecode.swift; path = Shadow.swift; sourceTree = "<group>"; };
		63FF053A26DBFAD8002DF5AC /* Flag.swift */ = {isa = PBXFileReference; lastKnownFileType = sourcecode.swift; path = Flag.swift; sourceTree = "<group>"; };
		8C32E8C9270DF45300D545C1 /* File.swift */ = {isa = PBXFileReference; lastKnownFileType = sourcecode.swift; path = File.swift; sourceTree = "<group>"; };
		8C9564E027E38C510031F85C /* Optionals.swift */ = {isa = PBXFileReference; lastKnownFileType = sourcecode.swift; path = Optionals.swift; sourceTree = "<group>"; };
		8C9564E227E38E0C0031F85C /* Control flow.swift */ = {isa = PBXFileReference; lastKnownFileType = sourcecode.swift; path = "Control flow.swift"; sourceTree = "<group>"; };
		8C9564E427E4B4A10031F85C /* Collections.swift */ = {isa = PBXFileReference; lastKnownFileType = sourcecode.swift; path = Collections.swift; sourceTree = "<group>"; };
		8C9564E627E778350031F85C /* For..in.swift */ = {isa = PBXFileReference; lastKnownFileType = sourcecode.swift; path = For..in.swift; sourceTree = "<group>"; };
		8C9564E827E866650031F85C /* Functions.swift */ = {isa = PBXFileReference; lastKnownFileType = sourcecode.swift; path = Functions.swift; sourceTree = "<group>"; };
		8CE988CC2715FDB8009736D6 /* Alamofire.swift */ = {isa = PBXFileReference; lastKnownFileType = sourcecode.swift; path = Alamofire.swift; sourceTree = "<group>"; };
/* End PBXFileReference section */

/* Begin PBXFrameworksBuildPhase section */
		6393D419266B59C000991EF1 /* Frameworks */ = {
			isa = PBXFrameworksBuildPhase;
			buildActionMask = 2147483647;
			files = (
			);
			runOnlyForDeploymentPostprocessing = 0;
		};
/* End PBXFrameworksBuildPhase section */

/* Begin PBXGroup section */
		630BA31226726E18005EF1E5 /* TableView */ = {
			isa = PBXGroup;
			children = (
				630BA31326726EAD005EF1E5 /*  Declaration.swift */,
			);
			path = TableView;
			sourceTree = "<group>";
		};
		6310D11026CD095300C672B9 /* SavingData */ = {
			isa = PBXGroup;
			children = (
				6310D10E26CD030400C672B9 /* CoreData.swift */,
				63AF650A26FC698C00DA468B /* UserDefaults.swift */,
				639491DB26DBDB6500B1DC43 /* Realm.swift */,
			);
			path = SavingData;
			sourceTree = "<group>";
		};
		63194327268882CF00739DCB /* CollectionView */ = {
			isa = PBXGroup;
			children = (
				631943252688829900739DCB /* CollectionView.swift */,
				636BC723268F81AA00728CF2 /* CollectionViewCell.swift */,
				636BC721268F810600728CF2 /* ContextMenu.swift */,
				630B373F2690B18F00AE14B9 /* Actions.swift */,
				63AC5A3C26B6F4C300E8044E /* CollectionViewList.swift */,
			);
			path = CollectionView;
			sourceTree = "<group>";
		};
		637103D2268B79600030B12D /* Inteface */ = {
			isa = PBXGroup;
			children = (
				6392FC7026BB08CC0070ED2E /* Aimation.swift */,
				6310773D269F18E10043CA10 /* Gradient.swift */,
				632D1300269E051D00FD9E04 /* Keyboard.swift */,
				63F900D726CD78BC00585B7E /* Shadow.swift */,
			);
			path = Inteface;
			sourceTree = "<group>";
		};
		6393D413266B59C000991EF1 = {
			isa = PBXGroup;
			children = (
				6393D41E266B59C000991EF1 /* MySwiftCompanyon */,
				6393D433266B5A0900991EF1 /* Support */,
				6393D41D266B59C000991EF1 /* Products */,
			);
			sourceTree = "<group>";
		};
		6393D41D266B59C000991EF1 /* Products */ = {
			isa = PBXGroup;
			children = (
				6393D41C266B59C000991EF1 /* MySwiftCompanyon.app */,
			);
			name = Products;
			sourceTree = "<group>";
		};
		6393D41E266B59C000991EF1 /* MySwiftCompanyon */ = {
			isa = PBXGroup;
			children = (
				8C9564DF27E38C190031F85C /* 1 V.2 */,
				63AF650926FC691600DA468B /* Architecture */,
				8CE988CB2715FD6E009736D6 /* Frameworks */,
				637103D2268B79600030B12D /* Inteface */,
				6310D11026CD095300C672B9 /* SavingData */,
				63DE5E3F2687BA4300AC2A82 /* Swift */,
				63AF650C26FC6A2600DA468B /* SwiftUI */,
				63AF650826FC68EE00DA468B /* UIKit */,
				63AF650D26FC6B4E00DA468B /* Settings */,
				63AF650E26FC6FC900DA468B /* SomeTips */,
			);
			path = MySwiftCompanyon;
			sourceTree = "<group>";
		};
		6393D433266B5A0900991EF1 /* Support */ = {
			isa = PBXGroup;
			children = (
				6393D42D266B59C100991EF1 /* Info.plist */,
				6393D41F266B59C000991EF1 /* AppDelegate.swift */,
				6393D428266B59C100991EF1 /* Assets.xcassets */,
			);
			path = Support;
			sourceTree = "<group>";
		};
		63AF650826FC68EE00DA468B /* UIKit */ = {
			isa = PBXGroup;
			children = (
				630BA31226726E18005EF1E5 /* TableView */,
				63194327268882CF00739DCB /* CollectionView */,
				63B7DE1F26C9720100016DF9 /* CachingImage.swift */,
				63593C71268CDD0C00A6C80E /* CreateObjects.swift */,
				638DFE4E26AEEE36002C5365 /* Deleting Storyboard.swift */,
				637103D3268B79800030B12D /* Navigation.swift */,
				6307AD8726C958B900ADFCE6 /* NotificationCenter.swift */,
				631F5E8D269077490073E63C /* SearchController.swift */,
				636AE8D526C6EE5B003066B7 /* TabBar Custom.swift */,
			);
			path = UIKit;
			sourceTree = "<group>";
		};
		63AF650926FC691600DA468B /* Architecture */ = {
			isa = PBXGroup;
			children = (
				63BA1E8526AECA4C00F7500F /* MVP.swift */,
			);
			path = Architecture;
			sourceTree = "<group>";
		};
		63AF650C26FC6A2600DA468B /* SwiftUI */ = {
			isa = PBXGroup;
			children = (
				8C32E8C9270DF45300D545C1 /* File.swift */,
			);
			path = SwiftUI;
			sourceTree = "<group>";
		};
		63AF650D26FC6B4E00DA468B /* Settings */ = {
			isa = PBXGroup;
			children = (
				63DC0C0626CD373C00F79F34 /* StatusBarAppearance.swift */,
			);
			path = Settings;
			sourceTree = "<group>";
		};
		63AF650E26FC6FC900DA468B /* SomeTips */ = {
			isa = PBXGroup;
			children = (
				63FF053A26DBFAD8002DF5AC /* Flag.swift */,
			);
			path = SomeTips;
			sourceTree = "<group>";
		};
		63DE5E352687B92000AC2A82 /* Collections */ = {
			isa = PBXGroup;
			children = (
				63DE5E362687B95C00AC2A82 /* Array.swift */,
				63DE5E382687B97300AC2A82 /* Dictionary.swift */,
				63DE5E3A2687B9CE00AC2A82 /* Set.swift */,
				63DE5E3D2687BA0200AC2A82 /* Tuples.swift */,
			);
			path = Collections;
			sourceTree = "<group>";
		};
		63DE5E3F2687BA4300AC2A82 /* Swift */ = {
			isa = PBXGroup;
			children = (
				63DE5E352687B92000AC2A82 /* Collections */,
				63D6313F267DC90400F3B6C9 /* ООП.swift */,
				63B2E91C26CAC8CC00A7A7DE /* Async await.swift */,
				6393D434266B5AB700991EF1 /* Clean Swift.swift */,
				63AF20D0267BDE6100E2D14E /* Class.swift */,
				63DE5E402687BD3F00AC2A82 /* Enum.swift */,
				631D5C3A267A7A2A0078DC09 /* Funnctions.swift */,
				634F8AD6267679230063DD00 /* For...in.swift */,
				63DBF977267680ED0089C34C /* Some.swift */,
				63DE5E332687B77000AC2A82 /* Struct.swift */,
				63D63142267DC9DF00F3B6C9 /* Switch.swift */,
			);
			path = Swift;
			sourceTree = "<group>";
		};
		8C9564DF27E38C190031F85C /* 1 V.2 */ = {
			isa = PBXGroup;
			children = (
				8C9564E227E38E0C0031F85C /* Control flow.swift */,
				8C9564E027E38C510031F85C /* Optionals.swift */,
				8C9564E427E4B4A10031F85C /* Collections.swift */,
				8C9564E627E778350031F85C /* For..in.swift */,
				8C9564E827E866650031F85C /* Functions.swift */,
			);
			path = "1 V.2";
			sourceTree = "<group>";
		};
		8CE988CB2715FD6E009736D6 /* Frameworks */ = {
			isa = PBXGroup;
			children = (
				8CE988CC2715FDB8009736D6 /* Alamofire.swift */,
			);
			path = Frameworks;
			sourceTree = "<group>";
		};
/* End PBXGroup section */

/* Begin PBXNativeTarget section */
		6393D41B266B59C000991EF1 /* MySwiftCompanyon */ = {
			isa = PBXNativeTarget;
			buildConfigurationList = 6393D430266B59C100991EF1 /* Build configuration list for PBXNativeTarget "MySwiftCompanyon" */;
			buildPhases = (
				6393D418266B59C000991EF1 /* Sources */,
				6393D419266B59C000991EF1 /* Frameworks */,
				6393D41A266B59C000991EF1 /* Resources */,
			);
			buildRules = (
			);
			dependencies = (
			);
			name = MySwiftCompanyon;
			productName = MySwiftCompanyon;
			productReference = 6393D41C266B59C000991EF1 /* MySwiftCompanyon.app */;
			productType = "com.apple.product-type.application";
		};
/* End PBXNativeTarget section */

/* Begin PBXProject section */
		6393D414266B59C000991EF1 /* Project object */ = {
			isa = PBXProject;
			attributes = {
				LastSwiftUpdateCheck = 1250;
				LastUpgradeCheck = 1250;
				TargetAttributes = {
					6393D41B266B59C000991EF1 = {
						CreatedOnToolsVersion = 12.5;
					};
				};
			};
			buildConfigurationList = 6393D417266B59C000991EF1 /* Build configuration list for PBXProject "MySwiftCompanyon" */;
			compatibilityVersion = "Xcode 9.3";
			developmentRegion = en;
			hasScannedForEncodings = 0;
			knownRegions = (
				en,
				Base,
			);
			mainGroup = 6393D413266B59C000991EF1;
			productRefGroup = 6393D41D266B59C000991EF1 /* Products */;
			projectDirPath = "";
			projectRoot = "";
			targets = (
				6393D41B266B59C000991EF1 /* MySwiftCompanyon */,
			);
		};
/* End PBXProject section */

/* Begin PBXResourcesBuildPhase section */
		6393D41A266B59C000991EF1 /* Resources */ = {
			isa = PBXResourcesBuildPhase;
			buildActionMask = 2147483647;
			files = (
				6393D429266B59C100991EF1 /* Assets.xcassets in Resources */,
			);
			runOnlyForDeploymentPostprocessing = 0;
		};
/* End PBXResourcesBuildPhase section */

/* Begin PBXSourcesBuildPhase section */
		6393D418266B59C000991EF1 /* Sources */ = {
			isa = PBXSourcesBuildPhase;
			buildActionMask = 2147483647;
			files = (
				63DC0C0726CD373C00F79F34 /* StatusBarAppearance.swift in Sources */,
				638DFE4F26AEEE36002C5365 /* Deleting Storyboard.swift in Sources */,
				6393D420266B59C000991EF1 /* AppDelegate.swift in Sources */,
				63DE5E392687B97300AC2A82 /* Dictionary.swift in Sources */,
				63B2E91D26CAC8CC00A7A7DE /* Async await.swift in Sources */,
				63AF20D1267BDE6100E2D14E /* Class.swift in Sources */,
				8C9564E727E778350031F85C /* For..in.swift in Sources */,
				630BA31426726EAD005EF1E5 /*  Declaration.swift in Sources */,
				631D5C3B267A7A2A0078DC09 /* Funnctions.swift in Sources */,
				631F5E8E269077490073E63C /* SearchController.swift in Sources */,
				63F900D826CD78BC00585B7E /* Shadow.swift in Sources */,
				8C32E8CA270DF45300D545C1 /* File.swift in Sources */,
				63D63143267DC9DF00F3B6C9 /* Switch.swift in Sources */,
				636BC724268F81AA00728CF2 /* CollectionViewCell.swift in Sources */,
				631943262688829900739DCB /* CollectionView.swift in Sources */,
				637103D4268B79800030B12D /* Navigation.swift in Sources */,
				63DE5E372687B95C00AC2A82 /* Array.swift in Sources */,
				8C9564E127E38C510031F85C /* Optionals.swift in Sources */,
				6392FC7126BB08CC0070ED2E /* Aimation.swift in Sources */,
				6307AD8826C958B900ADFCE6 /* NotificationCenter.swift in Sources */,
				63AF650B26FC698C00DA468B /* UserDefaults.swift in Sources */,
				63AC5A3D26B6F4C300E8044E /* CollectionViewList.swift in Sources */,
				63DE5E3B2687B9CE00AC2A82 /* Set.swift in Sources */,
				63593C72268CDD0C00A6C80E /* CreateObjects.swift in Sources */,
				63B7DE2026C9720100016DF9 /* CachingImage.swift in Sources */,
				8C9564E327E38E0C0031F85C /* Control flow.swift in Sources */,
				63DBF978267680ED0089C34C /* Some.swift in Sources */,
				6393D435266B5AB700991EF1 /* Clean Swift.swift in Sources */,
				636AE8D626C6EE5B003066B7 /* TabBar Custom.swift in Sources */,
				8CE988CD2715FDB8009736D6 /* Alamofire.swift in Sources */,
				632D1301269E051D00FD9E04 /* Keyboard.swift in Sources */,
				636BC722268F810600728CF2 /* ContextMenu.swift in Sources */,
				6310D10F26CD030400C672B9 /* CoreData.swift in Sources */,
				634F8AD7267679230063DD00 /* For...in.swift in Sources */,
				630B37402690B18F00AE14B9 /* Actions.swift in Sources */,
				63DE5E412687BD3F00AC2A82 /* Enum.swift in Sources */,
				63BA1E8626AECA4C00F7500F /* MVP.swift in Sources */,
				63DE5E342687B77000AC2A82 /* Struct.swift in Sources */,
				8C9564E927E866650031F85C /* Functions.swift in Sources */,
				63DE5E3E2687BA0200AC2A82 /* Tuples.swift in Sources */,
				63D63140267DC90400F3B6C9 /* ООП.swift in Sources */,
				639491DC26DBDB6500B1DC43 /* Realm.swift in Sources */,
				6310773E269F18E10043CA10 /* Gradient.swift in Sources */,
				8C9564E527E4B4A10031F85C /* Collections.swift in Sources */,
				63FF053B26DBFAD8002DF5AC /* Flag.swift in Sources */,
			);
			runOnlyForDeploymentPostprocessing = 0;
		};
/* End PBXSourcesBuildPhase section */

/* Begin XCBuildConfiguration section */
		6393D42E266B59C100991EF1 /* Debug */ = {
			isa = XCBuildConfiguration;
			buildSettings = {
				ALWAYS_SEARCH_USER_PATHS = NO;
				CLANG_ANALYZER_NONNULL = YES;
				CLANG_ANALYZER_NUMBER_OBJECT_CONVERSION = YES_AGGRESSIVE;
				CLANG_CXX_LANGUAGE_STANDARD = "gnu++14";
				CLANG_CXX_LIBRARY = "libc++";
				CLANG_ENABLE_MODULES = YES;
				CLANG_ENABLE_OBJC_ARC = YES;
				CLANG_ENABLE_OBJC_WEAK = YES;
				CLANG_WARN_BLOCK_CAPTURE_AUTORELEASING = YES;
				CLANG_WARN_BOOL_CONVERSION = YES;
				CLANG_WARN_COMMA = YES;
				CLANG_WARN_CONSTANT_CONVERSION = YES;
				CLANG_WARN_DEPRECATED_OBJC_IMPLEMENTATIONS = YES;
				CLANG_WARN_DIRECT_OBJC_ISA_USAGE = YES_ERROR;
				CLANG_WARN_DOCUMENTATION_COMMENTS = YES;
				CLANG_WARN_EMPTY_BODY = YES;
				CLANG_WARN_ENUM_CONVERSION = YES;
				CLANG_WARN_INFINITE_RECURSION = YES;
				CLANG_WARN_INT_CONVERSION = YES;
				CLANG_WARN_NON_LITERAL_NULL_CONVERSION = YES;
				CLANG_WARN_OBJC_IMPLICIT_RETAIN_SELF = YES;
				CLANG_WARN_OBJC_LITERAL_CONVERSION = YES;
				CLANG_WARN_OBJC_ROOT_CLASS = YES_ERROR;
				CLANG_WARN_QUOTED_INCLUDE_IN_FRAMEWORK_HEADER = YES;
				CLANG_WARN_RANGE_LOOP_ANALYSIS = YES;
				CLANG_WARN_STRICT_PROTOTYPES = YES;
				CLANG_WARN_SUSPICIOUS_MOVE = YES;
				CLANG_WARN_UNGUARDED_AVAILABILITY = YES_AGGRESSIVE;
				CLANG_WARN_UNREACHABLE_CODE = YES;
				CLANG_WARN__DUPLICATE_METHOD_MATCH = YES;
				COPY_PHASE_STRIP = NO;
				DEBUG_INFORMATION_FORMAT = dwarf;
				ENABLE_STRICT_OBJC_MSGSEND = YES;
				ENABLE_TESTABILITY = YES;
				GCC_C_LANGUAGE_STANDARD = gnu11;
				GCC_DYNAMIC_NO_PIC = NO;
				GCC_NO_COMMON_BLOCKS = YES;
				GCC_OPTIMIZATION_LEVEL = 0;
				GCC_PREPROCESSOR_DEFINITIONS = (
					"DEBUG=1",
					"$(inherited)",
				);
				GCC_WARN_64_TO_32_BIT_CONVERSION = YES;
				GCC_WARN_ABOUT_RETURN_TYPE = YES_ERROR;
				GCC_WARN_UNDECLARED_SELECTOR = YES;
				GCC_WARN_UNINITIALIZED_AUTOS = YES_AGGRESSIVE;
				GCC_WARN_UNUSED_FUNCTION = YES;
				GCC_WARN_UNUSED_VARIABLE = YES;
				IPHONEOS_DEPLOYMENT_TARGET = 14.5;
				MTL_ENABLE_DEBUG_INFO = INCLUDE_SOURCE;
				MTL_FAST_MATH = YES;
				ONLY_ACTIVE_ARCH = YES;
				SDKROOT = iphoneos;
				SWIFT_ACTIVE_COMPILATION_CONDITIONS = DEBUG;
				SWIFT_OPTIMIZATION_LEVEL = "-Onone";
			};
			name = Debug;
		};
		6393D42F266B59C100991EF1 /* Release */ = {
			isa = XCBuildConfiguration;
			buildSettings = {
				ALWAYS_SEARCH_USER_PATHS = NO;
				CLANG_ANALYZER_NONNULL = YES;
				CLANG_ANALYZER_NUMBER_OBJECT_CONVERSION = YES_AGGRESSIVE;
				CLANG_CXX_LANGUAGE_STANDARD = "gnu++14";
				CLANG_CXX_LIBRARY = "libc++";
				CLANG_ENABLE_MODULES = YES;
				CLANG_ENABLE_OBJC_ARC = YES;
				CLANG_ENABLE_OBJC_WEAK = YES;
				CLANG_WARN_BLOCK_CAPTURE_AUTORELEASING = YES;
				CLANG_WARN_BOOL_CONVERSION = YES;
				CLANG_WARN_COMMA = YES;
				CLANG_WARN_CONSTANT_CONVERSION = YES;
				CLANG_WARN_DEPRECATED_OBJC_IMPLEMENTATIONS = YES;
				CLANG_WARN_DIRECT_OBJC_ISA_USAGE = YES_ERROR;
				CLANG_WARN_DOCUMENTATION_COMMENTS = YES;
				CLANG_WARN_EMPTY_BODY = YES;
				CLANG_WARN_ENUM_CONVERSION = YES;
				CLANG_WARN_INFINITE_RECURSION = YES;
				CLANG_WARN_INT_CONVERSION = YES;
				CLANG_WARN_NON_LITERAL_NULL_CONVERSION = YES;
				CLANG_WARN_OBJC_IMPLICIT_RETAIN_SELF = YES;
				CLANG_WARN_OBJC_LITERAL_CONVERSION = YES;
				CLANG_WARN_OBJC_ROOT_CLASS = YES_ERROR;
				CLANG_WARN_QUOTED_INCLUDE_IN_FRAMEWORK_HEADER = YES;
				CLANG_WARN_RANGE_LOOP_ANALYSIS = YES;
				CLANG_WARN_STRICT_PROTOTYPES = YES;
				CLANG_WARN_SUSPICIOUS_MOVE = YES;
				CLANG_WARN_UNGUARDED_AVAILABILITY = YES_AGGRESSIVE;
				CLANG_WARN_UNREACHABLE_CODE = YES;
				CLANG_WARN__DUPLICATE_METHOD_MATCH = YES;
				COPY_PHASE_STRIP = NO;
				DEBUG_INFORMATION_FORMAT = "dwarf-with-dsym";
				ENABLE_NS_ASSERTIONS = NO;
				ENABLE_STRICT_OBJC_MSGSEND = YES;
				GCC_C_LANGUAGE_STANDARD = gnu11;
				GCC_NO_COMMON_BLOCKS = YES;
				GCC_WARN_64_TO_32_BIT_CONVERSION = YES;
				GCC_WARN_ABOUT_RETURN_TYPE = YES_ERROR;
				GCC_WARN_UNDECLARED_SELECTOR = YES;
				GCC_WARN_UNINITIALIZED_AUTOS = YES_AGGRESSIVE;
				GCC_WARN_UNUSED_FUNCTION = YES;
				GCC_WARN_UNUSED_VARIABLE = YES;
				IPHONEOS_DEPLOYMENT_TARGET = 14.5;
				MTL_ENABLE_DEBUG_INFO = NO;
				MTL_FAST_MATH = YES;
				SDKROOT = iphoneos;
				SWIFT_COMPILATION_MODE = wholemodule;
				SWIFT_OPTIMIZATION_LEVEL = "-O";
				VALIDATE_PRODUCT = YES;
			};
			name = Release;
		};
		6393D431266B59C100991EF1 /* Debug */ = {
			isa = XCBuildConfiguration;
			buildSettings = {
				ASSETCATALOG_COMPILER_APPICON_NAME = AppIcon;
				ASSETCATALOG_COMPILER_GLOBAL_ACCENT_COLOR_NAME = AccentColor;
				CODE_SIGN_STYLE = Automatic;
				DEVELOPMENT_TEAM = F824GPAVR5;
				INFOPLIST_FILE = MySwiftCompanyon/Support/info.plist;
				LD_RUNPATH_SEARCH_PATHS = (
					"$(inherited)",
					"@executable_path/Frameworks",
				);
				PRODUCT_BUNDLE_IDENTIFIER = com.berezentsev.MySwiftCompanyon;
				PRODUCT_NAME = "$(TARGET_NAME)";
				SWIFT_VERSION = 5.0;
				TARGETED_DEVICE_FAMILY = 1;
			};
			name = Debug;
		};
		6393D432266B59C100991EF1 /* Release */ = {
			isa = XCBuildConfiguration;
			buildSettings = {
				ASSETCATALOG_COMPILER_APPICON_NAME = AppIcon;
				ASSETCATALOG_COMPILER_GLOBAL_ACCENT_COLOR_NAME = AccentColor;
				CODE_SIGN_STYLE = Automatic;
				DEVELOPMENT_TEAM = F824GPAVR5;
				INFOPLIST_FILE = MySwiftCompanyon/Support/info.plist;
				LD_RUNPATH_SEARCH_PATHS = (
					"$(inherited)",
					"@executable_path/Frameworks",
				);
				PRODUCT_BUNDLE_IDENTIFIER = com.berezentsev.MySwiftCompanyon;
				PRODUCT_NAME = "$(TARGET_NAME)";
				SWIFT_VERSION = 5.0;
				TARGETED_DEVICE_FAMILY = 1;
			};
			name = Release;
		};
/* End XCBuildConfiguration section */

/* Begin XCConfigurationList section */
		6393D417266B59C000991EF1 /* Build configuration list for PBXProject "MySwiftCompanyon" */ = {
			isa = XCConfigurationList;
			buildConfigurations = (
				6393D42E266B59C100991EF1 /* Debug */,
				6393D42F266B59C100991EF1 /* Release */,
			);
			defaultConfigurationIsVisible = 0;
			defaultConfigurationName = Release;
		};
		6393D430266B59C100991EF1 /* Build configuration list for PBXNativeTarget "MySwiftCompanyon" */ = {
			isa = XCConfigurationList;
			buildConfigurations = (
				6393D431266B59C100991EF1 /* Debug */,
				6393D432266B59C100991EF1 /* Release */,
			);
			defaultConfigurationIsVisible = 0;
			defaultConfigurationName = Release;
		};
/* End XCConfigurationList section */
	};
	rootObject = 6393D414266B59C000991EF1 /* Project object */;
}
